{
  "name": "Application-0",
  "lockfileVersion": 3,
  "requires": true,
  "packages": {
    "": {
      "dependencies": {
        "async": "^3.2.4",
        "lodash": "^4.17.21"
      },
      "devDependencies": {
        "@types/async": "^3.2.20"
      }
    },
    "node_modules/@types/async": {
      "version": "3.2.20",
      "resolved": "https://registry.npmjs.org/@types/async/-/async-3.2.20.tgz",
      "integrity": "sha512-6jSBQQugzyX1aWto0CbvOnmxrU9tMoXfA9gc4IrLEtvr3dTwSg5GLGoWiZnGLI6UG/kqpB3JOQKQrqnhUWGKQA==",
      "dev": true
    },
    "node_modules/async": {
      "version": "3.2.4",
      "resolved": "https://registry.npmjs.org/async/-/async-3.2.4.tgz",
      "integrity": "sha512-iAB+JbDEGXhyIUavoDl9WP/Jj106Kz9DEn1DPgYw5ruDn0e3Wgi3sKFm55sASdGBNOQB8F59d9qQ7deqrHA8wQ=="
    },
    "node_modules/lodash": {
      "version": "4.17.21",
      "resolved": "https://registry.npmjs.org/lodash/-/lodash-4.17.21.tgz",
      "integrity": "sha512-v2kDEe57lecTulaDIuNTPy3Ry4gLGJ6Z1O3vE1krgXZNrsQ+LFTGHVxVjcXPs17LhbZVGedAJv8XZ1tvj5FvSg=="
    }
  }
}
